
Microsoft Visual Studio Solution File, Format Version 12.00
# Visual Studio 2013
VisualStudioVersion = 12.0.31101.0
MinimumVisualStudioVersion = 10.0.40219.1
Project("{FAE04EC0-301F-11D3-BF4B-00C04F79EFBC}") = "20LHWebPortal", "20LHWebPortal\20LHWebPortal.csproj", "{461BDD9A-6234-4695-B14C-9F166CCC88C9}"
EndProject
Project("{FAE04EC0-301F-11D3-BF4B-00C04F79EFBC}") = "20LHWebPortal.Tests", "20LHWebPortal.Tests\20LHWebPortal.Tests.csproj", "{F23A094A-550E-4173-9E3A-200380D97A7A}"
EndProject
Global
	GlobalSection(SolutionConfigurationPlatforms) = preSolution
		Debug|Any CPU = Debug|Any CPU
		Release|Any CPU = Release|Any CPU
	EndGlobalSection
	GlobalSection(ProjectConfigurationPlatforms) = postSolution
		{461BDD9A-6234-4695-B14C-9F166CCC88C9}.Debug|Any CPU.ActiveCfg = Debug|Any CPU
		{461BDD9A-6234-4695-B14C-9F166CCC88C9}.Debug|Any CPU.Build.0 = Debug|Any CPU
		{461BDD9A-6234-4695-B14C-9F166CCC88C9}.Release|Any CPU.ActiveCfg = Release|Any CPU
		{461BDD9A-6234-4695-B14C-9F166CCC88C9}.Release|Any CPU.Build.0 = Release|Any CPU
		{F23A094A-550E-4173-9E3A-200380D97A7A}.Debug|Any CPU.ActiveCfg = Debug|Any CPU
		{F23A094A-550E-4173-9E3A-200380D97A7A}.Debug|Any CPU.Build.0 = Debug|Any CPU
		{F23A094A-550E-4173-9E3A-200380D97A7A}.Release|Any CPU.ActiveCfg = Release|Any CPU
		{F23A094A-550E-4173-9E3A-200380D97A7A}.Release|Any CPU.Build.0 = Release|Any CPU
	EndGlobalSection
	GlobalSection(SolutionProperties) = preSolution
		HideSolutionNode = FALSE
	EndGlobalSection
EndGlobal
